
Microsoft Visual Studio Solution File, Format Version 12.00
# Visual Studio Version 17
VisualStudioVersion = 17.8.34408.163
MinimumVisualStudioVersion = 10.0.40219.1
Project("{FAE04EC0-301F-11D3-BF4B-00C04F79EFBC}") = "YouTubeViewers.WPF", "YouTubeViewers.WPF\YouTubeViewers.WPF.csproj", "{A1F64AD3-9E79-4530-A734-F345EE904E69}"
EndProject
Global
	GlobalSection(SolutionConfigurationPlatforms) = preSolution
		Debug|Any CPU = Debug|Any CPU
		Release|Any CPU = Release|Any CPU
	EndGlobalSection
	GlobalSection(ProjectConfigurationPlatforms) = postSolution
		{A1F64AD3-9E79-4530-A734-F345EE904E69}.Debug|Any CPU.ActiveCfg = Debug|Any CPU
		{A1F64AD3-9E79-4530-A734-F345EE904E69}.Debug|Any CPU.Build.0 = Debug|Any CPU
		{A1F64AD3-9E79-4530-A734-F345EE904E69}.Release|Any CPU.ActiveCfg = Release|Any CPU
		{A1F64AD3-9E79-4530-A734-F345EE904E69}.Release|Any CPU.Build.0 = Release|Any CPU
	EndGlobalSection
	GlobalSection(SolutionProperties) = preSolution
		HideSolutionNode = FALSE
	EndGlobalSection
	GlobalSection(ExtensibilityGlobals) = postSolution
		SolutionGuid = {ABCD8DEB-FE9C-4C68-828D-4D690ED4CDC7}
	EndGlobalSection
EndGlobal
